{
  "version": 4,
  "terraform_version": "1.15.4",
  "serial": 16,
  "lineage": "e22a31e0-25f7-59d2-1b56-9a505fc3e591",
  "outputs": {
    "droplet_ip": {
      "value": {
        "id": "165.22.51.10"
      },
      "type": [
        "object",
        {
          "id": "string"
        }
      ]
    }
  },
  "resources": [
    {
      "mode": "managed",
      "type": "digitalocean_droplet",
      "name": "setup",
      "provider": "provider[\"registry.terraform.io/digitalocean/digitalocean\"]",
      "instances": [
        {
          "schema_version": 1,
          "attributes": {
            "backup_policy": [],
            "backups": false,
            "created_at": "2026-05-26T16:13:03Z",
            "disk": 25,
            "droplet_agent": null,
            "graceful_shutdown": false,
            "id": "573335995",
            "image": "ubuntu-24-04-x64",
            "ipv4_address": "165.22.51.10",
            "ipv4_address_private": "10.104.0.3",
            "ipv6": false,
            "ipv6_address": "",
            "locked": false,
            "memory": 1024,
            "monitoring": false,
            "name": "terraform-vps",
            "price_hourly": 0.00893,
            "price_monthly": 6,
            "private_networking": true,
            "region": "sgp1",
            "resize_disk": true,
            "size": "s-1vcpu-1gb",
            "ssh_keys": [
              "05:53:e4:0a:6a:3c:8c:c8:10:1c:3f:95:e9:a4:dd:88"
            ],
            "status": "active",
            "tags": null,
            "timeouts": null,
            "urn": "do:droplet:573335995",
            "user_data": null,
            "vcpus": 1,
            "volume_ids": [],
            "vpc_uuid": "cc46a204-5156-4c29-a7fc-021485e22069"
          },
          "sensitive_attributes": [],
          "identity_schema_version": 0,
          "private": "eyJlMmJmYjczMC1lY2FhLTExZTYtOGY4OC0zNDM2M2JjN2M0YzAiOnsiY3JlYXRlIjozNjAwMDAwMDAwMDAwLCJkZWxldGUiOjYwMDAwMDAwMDAwLCJ1cGRhdGUiOjM2MDAwMDAwMDAwMDB9LCJzY2hlbWFfdmVyc2lvbiI6IjEifQ=="
        }
      ]
    }
  ],
  "check_results": null
}
